// !$*UTF8*$!
{
	archiveVersion = 1;
	classes = {
	};
	objectVersion = 46;
	objects = {

/* Begin PBXBuildFile section */
		C9600A751FBA9CF300F12341 /* AppDelegate.swift in Sources */ = {isa = PBXBuildFile; fileRef = C9600A741FBA9CF300F12341 /* AppDelegate.swift */; };
		C9600A7A1FBA9CF300F12341 /* Main.storyboard in Resources */ = {isa = PBXBuildFile; fileRef = C9600A781FBA9CF300F12341 /* Main.storyboard */; };
		C9600A7D1FBA9CF300F12341 /* GoalPost.xcdatamodeld in Sources */ = {isa = PBXBuildFile; fileRef = C9600A7B1FBA9CF300F12341 /* GoalPost.xcdatamodeld */; };
		C9600A7F1FBA9CF300F12341 /* Assets.xcassets in Resources */ = {isa = PBXBuildFile; fileRef = C9600A7E1FBA9CF300F12341 /* Assets.xcassets */; };
		C9600A821FBA9CF300F12341 /* LaunchScreen.storyboard in Resources */ = {isa = PBXBuildFile; fileRef = C9600A801FBA9CF300F12341 /* LaunchScreen.storyboard */; };
		C9A4EEE51FCE53910032446D /* GoalType.swift in Sources */ = {isa = PBXBuildFile; fileRef = C9A4EEE41FCE53910032446D /* GoalType.swift */; };
		C9A4EEE71FCE54030032446D /* UIViewControllerExt.swift in Sources */ = {isa = PBXBuildFile; fileRef = C9A4EEE61FCE54030032446D /* UIViewControllerExt.swift */; };
		C9A4EEEB1FCE54310032446D /* UIButtonExt.swift in Sources */ = {isa = PBXBuildFile; fileRef = C9A4EEEA1FCE54310032446D /* UIButtonExt.swift */; };
		C9A4EEED1FCE54550032446D /* UIViewExt.swift in Sources */ = {isa = PBXBuildFile; fileRef = C9A4EEEC1FCE54550032446D /* UIViewExt.swift */; };
		C9A4EEEF1FCE546F0032446D /* GoalVC.swift in Sources */ = {isa = PBXBuildFile; fileRef = C9A4EEEE1FCE546F0032446D /* GoalVC.swift */; };
		C9A4EEF11FCE547E0032446D /* CreateGoalVC.swift in Sources */ = {isa = PBXBuildFile; fileRef = C9A4EEF01FCE547E0032446D /* CreateGoalVC.swift */; };
		C9A4EEF31FCE54AA0032446D /* GoalProgressVC.swift in Sources */ = {isa = PBXBuildFile; fileRef = C9A4EEF21FCE54AA0032446D /* GoalProgressVC.swift */; };
		C9A4EEF51FCE54C20032446D /* GoalCell.swift in Sources */ = {isa = PBXBuildFile; fileRef = C9A4EEF41FCE54C20032446D /* GoalCell.swift */; };
/* End PBXBuildFile section */

/* Begin PBXFileReference section */
		C9600A711FBA9CF200F12341 /* GoalPost.app */ = {isa = PBXFileReference; explicitFileType = wrapper.application; includeInIndex = 0; path = GoalPost.app; sourceTree = BUILT_PRODUCTS_DIR; };
		C9600A741FBA9CF300F12341 /* AppDelegate.swift */ = {isa = PBXFileReference; lastKnownFileType = sourcecode.swift; path = AppDelegate.swift; sourceTree = "<group>"; };
		C9600A791FBA9CF300F12341 /* Base */ = {isa = PBXFileReference; lastKnownFileType = file.storyboard; name = Base; path = Base.lproj/Main.storyboard; sourceTree = "<group>"; };
		C9600A7C1FBA9CF300F12341 /* GoalPost.xcdatamodel */ = {isa = PBXFileReference; lastKnownFileType = wrapper.xcdatamodel; path = GoalPost.xcdatamodel; sourceTree = "<group>"; };
		C9600A7E1FBA9CF300F12341 /* Assets.xcassets */ = {isa = PBXFileReference; lastKnownFileType = folder.assetcatalog; path = Assets.xcassets; sourceTree = "<group>"; };
		C9600A811FBA9CF300F12341 /* Base */ = {isa = PBXFileReference; lastKnownFileType = file.storyboard; name = Base; path = Base.lproj/LaunchScreen.storyboard; sourceTree = "<group>"; };
		C9600A831FBA9CF300F12341 /* Info.plist */ = {isa = PBXFileReference; lastKnownFileType = text.plist.xml; path = Info.plist; sourceTree = "<group>"; };
		C9A4EEE41FCE53910032446D /* GoalType.swift */ = {isa = PBXFileReference; fileEncoding = 4; lastKnownFileType = sourcecode.swift; path = GoalType.swift; sourceTree = "<group>"; };
		C9A4EEE61FCE54030032446D /* UIViewControllerExt.swift */ = {isa = PBXFileReference; fileEncoding = 4; lastKnownFileType = sourcecode.swift; path = UIViewControllerExt.swift; sourceTree = "<group>"; };
		C9A4EEEA1FCE54310032446D /* UIButtonExt.swift */ = {isa = PBXFileReference; fileEncoding = 4; lastKnownFileType = sourcecode.swift; path = UIButtonExt.swift; sourceTree = "<group>"; };
		C9A4EEEC1FCE54550032446D /* UIViewExt.swift */ = {isa = PBXFileReference; fileEncoding = 4; lastKnownFileType = sourcecode.swift; path = UIViewExt.swift; sourceTree = "<group>"; };
		C9A4EEEE1FCE546F0032446D /* GoalVC.swift */ = {isa = PBXFileReference; fileEncoding = 4; lastKnownFileType = sourcecode.swift; path = GoalVC.swift; sourceTree = "<group>"; };
		C9A4EEF01FCE547E0032446D /* CreateGoalVC.swift */ = {isa = PBXFileReference; fileEncoding = 4; lastKnownFileType = sourcecode.swift; path = CreateGoalVC.swift; sourceTree = "<group>"; };
		C9A4EEF21FCE54AA0032446D /* GoalProgressVC.swift */ = {isa = PBXFileReference; fileEncoding = 4; lastKnownFileType = sourcecode.swift; path = GoalProgressVC.swift; sourceTree = "<group>"; };
		C9A4EEF41FCE54C20032446D /* GoalCell.swift */ = {isa = PBXFileReference; fileEncoding = 4; lastKnownFileType = sourcecode.swift; path = GoalCell.swift; sourceTree = "<group>"; };
/* End PBXFileReference section */

/* Begin PBXFrameworksBuildPhase section */
		C9600A6E1FBA9CF200F12341 /* Frameworks */ = {
			isa = PBXFrameworksBuildPhase;
			buildActionMask = 2147483647;
			files = (
			);
			runOnlyForDeploymentPostprocessing = 0;
		};
/* End PBXFrameworksBuildPhase section */

/* Begin PBXGroup section */
		C9600A681FBA9CF200F12341 = {
			isa = PBXGroup;
			children = (
				C9600A731FBA9CF200F12341 /* GoalPost */,
				C9600A721FBA9CF200F12341 /* Products */,
			);
			sourceTree = "<group>";
		};
		C9600A721FBA9CF200F12341 /* Products */ = {
			isa = PBXGroup;
			children = (
				C9600A711FBA9CF200F12341 /* GoalPost.app */,
			);
			name = Products;
			sourceTree = "<group>";
		};
		C9600A731FBA9CF200F12341 /* GoalPost */ = {
			isa = PBXGroup;
			children = (
				C9A4EEE11FCE52BC0032446D /* Extension */,
				C9A4EEE01FCE52B00032446D /* Enum */,
				C9A4EEE31FCE52D30032446D /* View */,
				C9A4EEE21FCE52CB0032446D /* Controller */,
				C9600A741FBA9CF300F12341 /* AppDelegate.swift */,
				C9600A781FBA9CF300F12341 /* Main.storyboard */,
				C9600A7E1FBA9CF300F12341 /* Assets.xcassets */,
				C9600A801FBA9CF300F12341 /* LaunchScreen.storyboard */,
				C9600A831FBA9CF300F12341 /* Info.plist */,
				C9600A7B1FBA9CF300F12341 /* GoalPost.xcdatamodeld */,
			);
			path = GoalPost;
			sourceTree = "<group>";
		};
		C9A4EEE01FCE52B00032446D /* Enum */ = {
			isa = PBXGroup;
			children = (
				C9A4EEE41FCE53910032446D /* GoalType.swift */,
			);
			name = Enum;
			sourceTree = "<group>";
		};
		C9A4EEE11FCE52BC0032446D /* Extension */ = {
			isa = PBXGroup;
			children = (
				C9A4EEE61FCE54030032446D /* UIViewControllerExt.swift */,
				C9A4EEEC1FCE54550032446D /* UIViewExt.swift */,
				C9A4EEEA1FCE54310032446D /* UIButtonExt.swift */,
			);
			name = Extension;
			sourceTree = "<group>";
		};
		C9A4EEE21FCE52CB0032446D /* Controller */ = {
			isa = PBXGroup;
			children = (
				C9A4EEEE1FCE546F0032446D /* GoalVC.swift */,
				C9A4EEF01FCE547E0032446D /* CreateGoalVC.swift */,
				C9A4EEF21FCE54AA0032446D /* GoalProgressVC.swift */,
			);
			name = Controller;
			sourceTree = "<group>";
		};
		C9A4EEE31FCE52D30032446D /* View */ = {
			isa = PBXGroup;
			children = (
				C9A4EEF41FCE54C20032446D /* GoalCell.swift */,
			);
			name = View;
			sourceTree = "<group>";
		};
/* End PBXGroup section */

/* Begin PBXNativeTarget section */
		C9600A701FBA9CF200F12341 /* GoalPost */ = {
			isa = PBXNativeTarget;
			buildConfigurationList = C9600A861FBA9CF300F12341 /* Build configuration list for PBXNativeTarget "GoalPost" */;
			buildPhases = (
				C9600A6D1FBA9CF200F12341 /* Sources */,
				C9600A6E1FBA9CF200F12341 /* Frameworks */,
				C9600A6F1FBA9CF200F12341 /* Resources */,
			);
			buildRules = (
			);
			dependencies = (
			);
			name = GoalPost;
			productName = GoalPost;
			productReference = C9600A711FBA9CF200F12341 /* GoalPost.app */;
			productType = "com.apple.product-type.application";
		};
/* End PBXNativeTarget section */

/* Begin PBXProject section */
		C9600A691FBA9CF200F12341 /* Project object */ = {
			isa = PBXProject;
			attributes = {
				LastSwiftUpdateCheck = 0830;
				LastUpgradeCheck = 0830;
				ORGANIZATIONNAME = Alex;
				TargetAttributes = {
					C9600A701FBA9CF200F12341 = {
						CreatedOnToolsVersion = 8.3.3;
						DevelopmentTeam = TM2JLP7R7H;
						ProvisioningStyle = Automatic;
					};
				};
			};
			buildConfigurationList = C9600A6C1FBA9CF200F12341 /* Build configuration list for PBXProject "GoalPost" */;
			compatibilityVersion = "Xcode 3.2";
			developmentRegion = English;
			hasScannedForEncodings = 0;
			knownRegions = (
				en,
				Base,
			);
			mainGroup = C9600A681FBA9CF200F12341;
			productRefGroup = C9600A721FBA9CF200F12341 /* Products */;
			projectDirPath = "";
			projectRoot = "";
			targets = (
				C9600A701FBA9CF200F12341 /* GoalPost */,
			);
		};
/* End PBXProject section */

/* Begin PBXResourcesBuildPhase section */
		C9600A6F1FBA9CF200F12341 /* Resources */ = {
			isa = PBXResourcesBuildPhase;
			buildActionMask = 2147483647;
			files = (
				C9600A821FBA9CF300F12341 /* LaunchScreen.storyboard in Resources */,
				C9600A7F1FBA9CF300F12341 /* Assets.xcassets in Resources */,
				C9600A7A1FBA9CF300F12341 /* Main.storyboard in Resources */,
			);
			runOnlyForDeploymentPostprocessing = 0;
		};
/* End PBXResourcesBuildPhase section */

/* Begin PBXSourcesBuildPhase section */
		C9600A6D1FBA9CF200F12341 /* Sources */ = {
			isa = PBXSourcesBuildPhase;
			buildActionMask = 2147483647;
			files = (
				C9A4EEED1FCE54550032446D /* UIViewExt.swift in Sources */,
				C9A4EEEF1FCE546F0032446D /* GoalVC.swift in Sources */,
				C9A4EEEB1FCE54310032446D /* UIButtonExt.swift in Sources */,
				C9600A751FBA9CF300F12341 /* AppDelegate.swift in Sources */,
				C9600A7D1FBA9CF300F12341 /* GoalPost.xcdatamodeld in Sources */,
				C9A4EEF11FCE547E0032446D /* CreateGoalVC.swift in Sources */,
				C9A4EEF31FCE54AA0032446D /* GoalProgressVC.swift in Sources */,
				C9A4EEE71FCE54030032446D /* UIViewControllerExt.swift in Sources */,
				C9A4EEF51FCE54C20032446D /* GoalCell.swift in Sources */,
				C9A4EEE51FCE53910032446D /* GoalType.swift in Sources */,
			);
			runOnlyForDeploymentPostprocessing = 0;
		};
/* End PBXSourcesBuildPhase section */

/* Begin PBXVariantGroup section */
		C9600A781FBA9CF300F12341 /* Main.storyboard */ = {
			isa = PBXVariantGroup;
			children = (
				C9600A791FBA9CF300F12341 /* Base */,
			);
			name = Main.storyboard;
			sourceTree = "<group>";
		};
		C9600A801FBA9CF300F12341 /* LaunchScreen.storyboard */ = {
			isa = PBXVariantGroup;
			children = (
				C9600A811FBA9CF300F12341 /* Base */,
			);
			name = LaunchScreen.storyboard;
			sourceTree = "<group>";
		};
/* End PBXVariantGroup section */

/* Begin XCBuildConfiguration section */
		C9600A841FBA9CF300F12341 /* Debug */ = {
			isa = XCBuildConfiguration;
			buildSettings = {
				ALWAYS_SEARCH_USER_PATHS = NO;
				CLANG_ANALYZER_NONNULL = YES;
				CLANG_ANALYZER_NUMBER_OBJECT_CONVERSION = YES_AGGRESSIVE;
				CLANG_CXX_LANGUAGE_STANDARD = "gnu++0x";
				CLANG_CXX_LIBRARY = "libc++";
				CLANG_ENABLE_MODULES = YES;
				CLANG_ENABLE_OBJC_ARC = YES;
				CLANG_WARN_BOOL_CONVERSION = YES;
				CLANG_WARN_CONSTANT_CONVERSION = YES;
				CLANG_WARN_DIRECT_OBJC_ISA_USAGE = YES_ERROR;
				CLANG_WARN_DOCUMENTATION_COMMENTS = YES;
				CLANG_WARN_EMPTY_BODY = YES;
				CLANG_WARN_ENUM_CONVERSION = YES;
				CLANG_WARN_INFINITE_RECURSION = YES;
				CLANG_WARN_INT_CONVERSION = YES;
				CLANG_WARN_OBJC_ROOT_CLASS = YES_ERROR;
				CLANG_WARN_SUSPICIOUS_MOVE = YES;
				CLANG_WARN_UNREACHABLE_CODE = YES;
				CLANG_WARN__DUPLICATE_METHOD_MATCH = YES;
				"CODE_SIGN_IDENTITY[sdk=iphoneos*]" = "iPhone Developer";
				COPY_PHASE_STRIP = NO;
				DEBUG_INFORMATION_FORMAT = dwarf;
				ENABLE_STRICT_OBJC_MSGSEND = YES;
				ENABLE_TESTABILITY = YES;
				GCC_C_LANGUAGE_STANDARD = gnu99;
				GCC_DYNAMIC_NO_PIC = NO;
				GCC_NO_COMMON_BLOCKS = YES;
				GCC_OPTIMIZATION_LEVEL = 0;
				GCC_PREPROCESSOR_DEFINITIONS = (
					"DEBUG=1",
					"$(inherited)",
				);
				GCC_WARN_64_TO_32_BIT_CONVERSION = YES;
				GCC_WARN_ABOUT_RETURN_TYPE = YES_ERROR;
				GCC_WARN_UNDECLARED_SELECTOR = YES;
				GCC_WARN_UNINITIALIZED_AUTOS = YES_AGGRESSIVE;
				GCC_WARN_UNUSED_FUNCTION = YES;
				GCC_WARN_UNUSED_VARIABLE = YES;
				IPHONEOS_DEPLOYMENT_TARGET = 10.3;
				MTL_ENABLE_DEBUG_INFO = YES;
				ONLY_ACTIVE_ARCH = YES;
				SDKROOT = iphoneos;
				SWIFT_ACTIVE_COMPILATION_CONDITIONS = DEBUG;
				SWIFT_OPTIMIZATION_LEVEL = "-Onone";
				TARGETED_DEVICE_FAMILY = "1,2";
			};
			name = Debug;
		};
		C9600A851FBA9CF300F12341 /* Release */ = {
			isa = XCBuildConfiguration;
			buildSettings = {
				ALWAYS_SEARCH_USER_PATHS = NO;
				CLANG_ANALYZER_NONNULL = YES;
				CLANG_ANALYZER_NUMBER_OBJECT_CONVERSION = YES_AGGRESSIVE;
				CLANG_CXX_LANGUAGE_STANDARD = "gnu++0x";
				CLANG_CXX_LIBRARY = "libc++";
				CLANG_ENABLE_MODULES = YES;
				CLANG_ENABLE_OBJC_ARC = YES;
				CLANG_WARN_BOOL_CONVERSION = YES;
				CLANG_WARN_CONSTANT_CONVERSION = YES;
				CLANG_WARN_DIRECT_OBJC_ISA_USAGE = YES_ERROR;
				CLANG_WARN_DOCUMENTATION_COMMENTS = YES;
				CLANG_WARN_EMPTY_BODY = YES;
				CLANG_WARN_ENUM_CONVERSION = YES;
				CLANG_WARN_INFINITE_RECURSION = YES;
				CLANG_WARN_INT_CONVERSION = YES;
				CLANG_WARN_OBJC_ROOT_CLASS = YES_ERROR;
				CLANG_WARN_SUSPICIOUS_MOVE = YES;
				CLANG_WARN_UNREACHABLE_CODE = YES;
				CLANG_WARN__DUPLICATE_METHOD_MATCH = YES;
				"CODE_SIGN_IDENTITY[sdk=iphoneos*]" = "iPhone Developer";
				COPY_PHASE_STRIP = NO;
				DEBUG_INFORMATION_FORMAT = "dwarf-with-dsym";
				ENABLE_NS_ASSERTIONS = NO;
				ENABLE_STRICT_OBJC_MSGSEND = YES;
				GCC_C_LANGUAGE_STANDARD = gnu99;
				GCC_NO_COMMON_BLOCKS = YES;
				GCC_WARN_64_TO_32_BIT_CONVERSION = YES;
				GCC_WARN_ABOUT_RETURN_TYPE = YES_ERROR;
				GCC_WARN_UNDECLARED_SELECTOR = YES;
				GCC_WARN_UNINITIALIZED_AUTOS = YES_AGGRESSIVE;
				GCC_WARN_UNUSED_FUNCTION = YES;
				GCC_WARN_UNUSED_VARIABLE = YES;
				IPHONEOS_DEPLOYMENT_TARGET = 10.3;
				MTL_ENABLE_DEBUG_INFO = NO;
				SDKROOT = iphoneos;
				SWIFT_OPTIMIZATION_LEVEL = "-Owholemodule";
				TARGETED_DEVICE_FAMILY = "1,2";
				VALIDATE_PRODUCT = YES;
			};
			name = Release;
		};
		C9600A871FBA9CF300F12341 /* Debug */ = {
			isa = XCBuildConfiguration;
			buildSettings = {
				ASSETCATALOG_COMPILER_APPICON_NAME = AppIcon;
				DEVELOPMENT_TEAM = TM2JLP7R7H;
				INFOPLIST_FILE = GoalPost/Info.plist;
				LD_RUNPATH_SEARCH_PATHS = "$(inherited) @executable_path/Frameworks";
				PRODUCT_BUNDLE_IDENTIFIER = tw.perfect.GoalPost;
				PRODUCT_NAME = "$(TARGET_NAME)";
				SWIFT_VERSION = 3.0;
			};
			name = Debug;
		};
		C9600A881FBA9CF300F12341 /* Release */ = {
			isa = XCBuildConfiguration;
			buildSettings = {
				ASSETCATALOG_COMPILER_APPICON_NAME = AppIcon;
				DEVELOPMENT_TEAM = TM2JLP7R7H;
				INFOPLIST_FILE = GoalPost/Info.plist;
				LD_RUNPATH_SEARCH_PATHS = "$(inherited) @executable_path/Frameworks";
				PRODUCT_BUNDLE_IDENTIFIER = tw.perfect.GoalPost;
				PRODUCT_NAME = "$(TARGET_NAME)";
				SWIFT_VERSION = 3.0;
			};
			name = Release;
		};
/* End XCBuildConfiguration section */

/* Begin XCConfigurationList section */
		C9600A6C1FBA9CF200F12341 /* Build configuration list for PBXProject "GoalPost" */ = {
			isa = XCConfigurationList;
			buildConfigurations = (
				C9600A841FBA9CF300F12341 /* Debug */,
				C9600A851FBA9CF300F12341 /* Release */,
			);
			defaultConfigurationIsVisible = 0;
			defaultConfigurationName = Release;
		};
		C9600A861FBA9CF300F12341 /* Build configuration list for PBXNativeTarget "GoalPost" */ = {
			isa = XCConfigurationList;
			buildConfigurations = (
				C9600A871FBA9CF300F12341 /* Debug */,
				C9600A881FBA9CF300F12341 /* Release */,
			);
			defaultConfigurationIsVisible = 0;
			defaultConfigurationName = Release;
		};
/* End XCConfigurationList section */

/* Begin XCVersionGroup section */
		C9600A7B1FBA9CF300F12341 /* GoalPost.xcdatamodeld */ = {
			isa = XCVersionGroup;
			children = (
				C9600A7C1FBA9CF300F12341 /* GoalPost.xcdatamodel */,
			);
			currentVersion = C9600A7C1FBA9CF300F12341 /* GoalPost.xcdatamodel */;
			path = GoalPost.xcdatamodeld;
			sourceTree = "<group>";
			versionGroupType = wrapper.xcdatamodel;
		};
/* End XCVersionGroup section */
	};
	rootObject = C9600A691FBA9CF200F12341 /* Project object */;
}
